
Microsoft Visual Studio Solution File, Format Version 12.00
# Visual Studio Version 17
VisualStudioVersion = 17.0.32014.148
MinimumVisualStudioVersion = 10.0.40219.1
Project("{FAE04EC0-301F-11D3-BF4B-00C04F79EFBC}") = "Notes App.Android", "Notes App\Notes App.Android\Notes App.Android.csproj", "{1CADF5DA-F8D8-48E5-B3C0-A2454C74E957}"
EndProject
Project("{FAE04EC0-301F-11D3-BF4B-00C04F79EFBC}") = "Notes App", "Notes App\Notes App\Notes App.csproj", "{5799177B-D33C-4478-BBDC-4F12831C5C64}"
EndProject
Global
	GlobalSection(SolutionConfigurationPlatforms) = preSolution
		Debug|Any CPU = Debug|Any CPU
		Release|Any CPU = Release|Any CPU
	EndGlobalSection
	GlobalSection(ProjectConfigurationPlatforms) = postSolution
		{1CADF5DA-F8D8-48E5-B3C0-A2454C74E957}.Debug|Any CPU.ActiveCfg = Debug|Any CPU
		{1CADF5DA-F8D8-48E5-B3C0-A2454C74E957}.Debug|Any CPU.Build.0 = Debug|Any CPU
		{1CADF5DA-F8D8-48E5-B3C0-A2454C74E957}.Debug|Any CPU.Deploy.0 = Debug|Any CPU
		{1CADF5DA-F8D8-48E5-B3C0-A2454C74E957}.Release|Any CPU.ActiveCfg = Release|Any CPU
		{1CADF5DA-F8D8-48E5-B3C0-A2454C74E957}.Release|Any CPU.Build.0 = Release|Any CPU
		{1CADF5DA-F8D8-48E5-B3C0-A2454C74E957}.Release|Any CPU.Deploy.0 = Release|Any CPU
		{5799177B-D33C-4478-BBDC-4F12831C5C64}.Debug|Any CPU.ActiveCfg = Debug|Any CPU
		{5799177B-D33C-4478-BBDC-4F12831C5C64}.Debug|Any CPU.Build.0 = Debug|Any CPU
		{5799177B-D33C-4478-BBDC-4F12831C5C64}.Debug|Any CPU.Deploy.0 = Debug|Any CPU
		{5799177B-D33C-4478-BBDC-4F12831C5C64}.Release|Any CPU.ActiveCfg = Release|Any CPU
		{5799177B-D33C-4478-BBDC-4F12831C5C64}.Release|Any CPU.Build.0 = Release|Any CPU
		{5799177B-D33C-4478-BBDC-4F12831C5C64}.Release|Any CPU.Deploy.0 = Release|Any CPU
	EndGlobalSection
	GlobalSection(SolutionProperties) = preSolution
		HideSolutionNode = FALSE
	EndGlobalSection
	GlobalSection(ExtensibilityGlobals) = postSolution
		SolutionGuid = {2D4DA087-BD1D-4051-B4FE-51ABD19D6B67}
	EndGlobalSection
EndGlobal
